// !$*UTF8*$!
{
	archiveVersion = 1;
	classes = {
	};
	objectVersion = 50;
	objects = {

/* Begin PBXBuildFile section */
		EB062ED123708BB1004FB386 /* AppDelegate.swift in Sources */ = {isa = PBXBuildFile; fileRef = EB062ED023708BB1004FB386 /* AppDelegate.swift */; };
		EB062ED323708BB1004FB386 /* SceneDelegate.swift in Sources */ = {isa = PBXBuildFile; fileRef = EB062ED223708BB1004FB386 /* SceneDelegate.swift */; };
		EB062ED523708BB1004FB386 /* ViewController.swift in Sources */ = {isa = PBXBuildFile; fileRef = EB062ED423708BB1004FB386 /* ViewController.swift */; };
		EB062ED823708BB1004FB386 /* Main.storyboard in Resources */ = {isa = PBXBuildFile; fileRef = EB062ED623708BB1004FB386 /* Main.storyboard */; };
		EB062EDA23708BB1004FB386 /* Assets.xcassets in Resources */ = {isa = PBXBuildFile; fileRef = EB062ED923708BB1004FB386 /* Assets.xcassets */; };
		EB062EDD23708BB1004FB386 /* LaunchScreen.storyboard in Resources */ = {isa = PBXBuildFile; fileRef = EB062EDB23708BB1004FB386 /* LaunchScreen.storyboard */; };
		EB062EE523708E63004FB386 /* Page2ViewController.swift in Sources */ = {isa = PBXBuildFile; fileRef = EB062EE423708E63004FB386 /* Page2ViewController.swift */; };
/* End PBXBuildFile section */

/* Begin PBXFileReference section */
		EB062ECD23708BB1004FB386 /* 002Scene-MulitUnwind04.app */ = {isa = PBXFileReference; explicitFileType = wrapper.application; includeInIndex = 0; path = "002Scene-MulitUnwind04.app"; sourceTree = BUILT_PRODUCTS_DIR; };
		EB062ED023708BB1004FB386 /* AppDelegate.swift */ = {isa = PBXFileReference; lastKnownFileType = sourcecode.swift; path = AppDelegate.swift; sourceTree = "<group>"; };
		EB062ED223708BB1004FB386 /* SceneDelegate.swift */ = {isa = PBXFileReference; lastKnownFileType = sourcecode.swift; path = SceneDelegate.swift; sourceTree = "<group>"; };
		EB062ED423708BB1004FB386 /* ViewController.swift */ = {isa = PBXFileReference; lastKnownFileType = sourcecode.swift; path = ViewController.swift; sourceTree = "<group>"; };
		EB062ED723708BB1004FB386 /* Base */ = {isa = PBXFileReference; lastKnownFileType = file.storyboard; name = Base; path = Base.lproj/Main.storyboard; sourceTree = "<group>"; };
		EB062ED923708BB1004FB386 /* Assets.xcassets */ = {isa = PBXFileReference; lastKnownFileType = folder.assetcatalog; path = Assets.xcassets; sourceTree = "<group>"; };
		EB062EDC23708BB1004FB386 /* Base */ = {isa = PBXFileReference; lastKnownFileType = file.storyboard; name = Base; path = Base.lproj/LaunchScreen.storyboard; sourceTree = "<group>"; };
		EB062EDE23708BB1004FB386 /* Info.plist */ = {isa = PBXFileReference; lastKnownFileType = text.plist.xml; path = Info.plist; sourceTree = "<group>"; };
		EB062EE423708E63004FB386 /* Page2ViewController.swift */ = {isa = PBXFileReference; lastKnownFileType = sourcecode.swift; path = Page2ViewController.swift; sourceTree = "<group>"; };
/* End PBXFileReference section */

/* Begin PBXFrameworksBuildPhase section */
		EB062ECA23708BB1004FB386 /* Frameworks */ = {
			isa = PBXFrameworksBuildPhase;
			buildActionMask = 2147483647;
			files = (
			);
			runOnlyForDeploymentPostprocessing = 0;
		};
/* End PBXFrameworksBuildPhase section */

/* Begin PBXGroup section */
		EB062EC423708BB1004FB386 = {
			isa = PBXGroup;
			children = (
				EB062ECF23708BB1004FB386 /* 002Scene-MulitUnwind04 */,
				EB062ECE23708BB1004FB386 /* Products */,
			);
			sourceTree = "<group>";
		};
		EB062ECE23708BB1004FB386 /* Products */ = {
			isa = PBXGroup;
			children = (
				EB062ECD23708BB1004FB386 /* 002Scene-MulitUnwind04.app */,
			);
			name = Products;
			sourceTree = "<group>";
		};
		EB062ECF23708BB1004FB386 /* 002Scene-MulitUnwind04 */ = {
			isa = PBXGroup;
			children = (
				EB062ED023708BB1004FB386 /* AppDelegate.swift */,
				EB062ED223708BB1004FB386 /* SceneDelegate.swift */,
				EB062ED423708BB1004FB386 /* ViewController.swift */,
				EB062ED623708BB1004FB386 /* Main.storyboard */,
				EB062ED923708BB1004FB386 /* Assets.xcassets */,
				EB062EDB23708BB1004FB386 /* LaunchScreen.storyboard */,
				EB062EDE23708BB1004FB386 /* Info.plist */,
				EB062EE423708E63004FB386 /* Page2ViewController.swift */,
			);
			path = "002Scene-MulitUnwind04";
			sourceTree = "<group>";
		};
/* End PBXGroup section */

/* Begin PBXNativeTarget section */
		EB062ECC23708BB1004FB386 /* 002Scene-MulitUnwind04 */ = {
			isa = PBXNativeTarget;
			buildConfigurationList = EB062EE123708BB1004FB386 /* Build configuration list for PBXNativeTarget "002Scene-MulitUnwind04" */;
			buildPhases = (
				EB062EC923708BB1004FB386 /* Sources */,
				EB062ECA23708BB1004FB386 /* Frameworks */,
				EB062ECB23708BB1004FB386 /* Resources */,
			);
			buildRules = (
			);
			dependencies = (
			);
			name = "002Scene-MulitUnwind04";
			productName = "002Scene-MulitUnwind04";
			productReference = EB062ECD23708BB1004FB386 /* 002Scene-MulitUnwind04.app */;
			productType = "com.apple.product-type.application";
		};
/* End PBXNativeTarget section */

/* Begin PBXProject section */
		EB062EC523708BB1004FB386 /* Project object */ = {
			isa = PBXProject;
			attributes = {
				LastSwiftUpdateCheck = 1120;
				LastUpgradeCheck = 1120;
				ORGANIZATIONNAME = "김민영";
				TargetAttributes = {
					EB062ECC23708BB1004FB386 = {
						CreatedOnToolsVersion = 11.2;
					};
				};
			};
			buildConfigurationList = EB062EC823708BB1004FB386 /* Build configuration list for PBXProject "002Scene-MulitUnwind04" */;
			compatibilityVersion = "Xcode 9.3";
			developmentRegion = en;
			hasScannedForEncodings = 0;
			knownRegions = (
				en,
				Base,
			);
			mainGroup = EB062EC423708BB1004FB386;
			productRefGroup = EB062ECE23708BB1004FB386 /* Products */;
			projectDirPath = "";
			projectRoot = "";
			targets = (
				EB062ECC23708BB1004FB386 /* 002Scene-MulitUnwind04 */,
			);
		};
/* End PBXProject section */

/* Begin PBXResourcesBuildPhase section */
		EB062ECB23708BB1004FB386 /* Resources */ = {
			isa = PBXResourcesBuildPhase;
			buildActionMask = 2147483647;
			files = (
				EB062EDD23708BB1004FB386 /* LaunchScreen.storyboard in Resources */,
				EB062EDA23708BB1004FB386 /* Assets.xcassets in Resources */,
				EB062ED823708BB1004FB386 /* Main.storyboard in Resources */,
			);
			runOnlyForDeploymentPostprocessing = 0;
		};
/* End PBXResourcesBuildPhase section */

/* Begin PBXSourcesBuildPhase section */
		EB062EC923708BB1004FB386 /* Sources */ = {
			isa = PBXSourcesBuildPhase;
			buildActionMask = 2147483647;
			files = (
				EB062ED523708BB1004FB386 /* ViewController.swift in Sources */,
				EB062ED123708BB1004FB386 /* AppDelegate.swift in Sources */,
				EB062EE523708E63004FB386 /* Page2ViewController.swift in Sources */,
				EB062ED323708BB1004FB386 /* SceneDelegate.swift in Sources */,
			);
			runOnlyForDeploymentPostprocessing = 0;
		};
/* End PBXSourcesBuildPhase section */

/* Begin PBXVariantGroup section */
		EB062ED623708BB1004FB386 /* Main.storyboard */ = {
			isa = PBXVariantGroup;
			children = (
				EB062ED723708BB1004FB386 /* Base */,
			);
			name = Main.storyboard;
			sourceTree = "<group>";
		};
		EB062EDB23708BB1004FB386 /* LaunchScreen.storyboard */ = {
			isa = PBXVariantGroup;
			children = (
				EB062EDC23708BB1004FB386 /* Base */,
			);
			name = LaunchScreen.storyboard;
			sourceTree = "<group>";
		};
/* End PBXVariantGroup section */

/* Begin XCBuildConfiguration section */
		EB062EDF23708BB1004FB386 /* Debug */ = {
			isa = XCBuildConfiguration;
			buildSettings = {
				ALWAYS_SEARCH_USER_PATHS = NO;
				CLANG_ANALYZER_NONNULL = YES;
				CLANG_ANALYZER_NUMBER_OBJECT_CONVERSION = YES_AGGRESSIVE;
				CLANG_CXX_LANGUAGE_STANDARD = "gnu++14";
				CLANG_CXX_LIBRARY = "libc++";
				CLANG_ENABLE_MODULES = YES;
				CLANG_ENABLE_OBJC_ARC = YES;
				CLANG_ENABLE_OBJC_WEAK = YES;
				CLANG_WARN_BLOCK_CAPTURE_AUTORELEASING = YES;
				CLANG_WARN_BOOL_CONVERSION = YES;
				CLANG_WARN_COMMA = YES;
				CLANG_WARN_CONSTANT_CONVERSION = YES;
				CLANG_WARN_DEPRECATED_OBJC_IMPLEMENTATIONS = YES;
				CLANG_WARN_DIRECT_OBJC_ISA_USAGE = YES_ERROR;
				CLANG_WARN_DOCUMENTATION_COMMENTS = YES;
				CLANG_WARN_EMPTY_BODY = YES;
				CLANG_WARN_ENUM_CONVERSION = YES;
				CLANG_WARN_INFINITE_RECURSION = YES;
				CLANG_WARN_INT_CONVERSION = YES;
				CLANG_WARN_NON_LITERAL_NULL_CONVERSION = YES;
				CLANG_WARN_OBJC_IMPLICIT_RETAIN_SELF = YES;
				CLANG_WARN_OBJC_LITERAL_CONVERSION = YES;
				CLANG_WARN_OBJC_ROOT_CLASS = YES_ERROR;
				CLANG_WARN_RANGE_LOOP_ANALYSIS = YES;
				CLANG_WARN_STRICT_PROTOTYPES = YES;
				CLANG_WARN_SUSPICIOUS_MOVE = YES;
				CLANG_WARN_UNGUARDED_AVAILABILITY = YES_AGGRESSIVE;
				CLANG_WARN_UNREACHABLE_CODE = YES;
				CLANG_WARN__DUPLICATE_METHOD_MATCH = YES;
				COPY_PHASE_STRIP = NO;
				DEBUG_INFORMATION_FORMAT = dwarf;
				ENABLE_STRICT_OBJC_MSGSEND = YES;
				ENABLE_TESTABILITY = YES;
				GCC_C_LANGUAGE_STANDARD = gnu11;
				GCC_DYNAMIC_NO_PIC = NO;
				GCC_NO_COMMON_BLOCKS = YES;
				GCC_OPTIMIZATION_LEVEL = 0;
				GCC_PREPROCESSOR_DEFINITIONS = (
					"DEBUG=1",
					"$(inherited)",
				);
				GCC_WARN_64_TO_32_BIT_CONVERSION = YES;
				GCC_WARN_ABOUT_RETURN_TYPE = YES_ERROR;
				GCC_WARN_UNDECLARED_SELECTOR = YES;
				GCC_WARN_UNINITIALIZED_AUTOS = YES_AGGRESSIVE;
				GCC_WARN_UNUSED_FUNCTION = YES;
				GCC_WARN_UNUSED_VARIABLE = YES;
				IPHONEOS_DEPLOYMENT_TARGET = 13.2;
				MTL_ENABLE_DEBUG_INFO = INCLUDE_SOURCE;
				MTL_FAST_MATH = YES;
				ONLY_ACTIVE_ARCH = YES;
				SDKROOT = iphoneos;
				SWIFT_ACTIVE_COMPILATION_CONDITIONS = DEBUG;
				SWIFT_OPTIMIZATION_LEVEL = "-Onone";
			};
			name = Debug;
		};
		EB062EE023708BB1004FB386 /* Release */ = {
			isa = XCBuildConfiguration;
			buildSettings = {
				ALWAYS_SEARCH_USER_PATHS = NO;
				CLANG_ANALYZER_NONNULL = YES;
				CLANG_ANALYZER_NUMBER_OBJECT_CONVERSION = YES_AGGRESSIVE;
				CLANG_CXX_LANGUAGE_STANDARD = "gnu++14";
				CLANG_CXX_LIBRARY = "libc++";
				CLANG_ENABLE_MODULES = YES;
				CLANG_ENABLE_OBJC_ARC = YES;
				CLANG_ENABLE_OBJC_WEAK = YES;
				CLANG_WARN_BLOCK_CAPTURE_AUTORELEASING = YES;
				CLANG_WARN_BOOL_CONVERSION = YES;
				CLANG_WARN_COMMA = YES;
				CLANG_WARN_CONSTANT_CONVERSION = YES;
				CLANG_WARN_DEPRECATED_OBJC_IMPLEMENTATIONS = YES;
				CLANG_WARN_DIRECT_OBJC_ISA_USAGE = YES_ERROR;
				CLANG_WARN_DOCUMENTATION_COMMENTS = YES;
				CLANG_WARN_EMPTY_BODY = YES;
				CLANG_WARN_ENUM_CONVERSION = YES;
				CLANG_WARN_INFINITE_RECURSION = YES;
				CLANG_WARN_INT_CONVERSION = YES;
				CLANG_WARN_NON_LITERAL_NULL_CONVERSION = YES;
				CLANG_WARN_OBJC_IMPLICIT_RETAIN_SELF = YES;
				CLANG_WARN_OBJC_LITERAL_CONVERSION = YES;
				CLANG_WARN_OBJC_ROOT_CLASS = YES_ERROR;
				CLANG_WARN_RANGE_LOOP_ANALYSIS = YES;
				CLANG_WARN_STRICT_PROTOTYPES = YES;
				CLANG_WARN_SUSPICIOUS_MOVE = YES;
				CLANG_WARN_UNGUARDED_AVAILABILITY = YES_AGGRESSIVE;
				CLANG_WARN_UNREACHABLE_CODE = YES;
				CLANG_WARN__DUPLICATE_METHOD_MATCH = YES;
				COPY_PHASE_STRIP = NO;
				DEBUG_INFORMATION_FORMAT = "dwarf-with-dsym";
				ENABLE_NS_ASSERTIONS = NO;
				ENABLE_STRICT_OBJC_MSGSEND = YES;
				GCC_C_LANGUAGE_STANDARD = gnu11;
				GCC_NO_COMMON_BLOCKS = YES;
				GCC_WARN_64_TO_32_BIT_CONVERSION = YES;
				GCC_WARN_ABOUT_RETURN_TYPE = YES_ERROR;
				GCC_WARN_UNDECLARED_SELECTOR = YES;
				GCC_WARN_UNINITIALIZED_AUTOS = YES_AGGRESSIVE;
				GCC_WARN_UNUSED_FUNCTION = YES;
				GCC_WARN_UNUSED_VARIABLE = YES;
				IPHONEOS_DEPLOYMENT_TARGET = 13.2;
				MTL_ENABLE_DEBUG_INFO = NO;
				MTL_FAST_MATH = YES;
				SDKROOT = iphoneos;
				SWIFT_COMPILATION_MODE = wholemodule;
				SWIFT_OPTIMIZATION_LEVEL = "-O";
				VALIDATE_PRODUCT = YES;
			};
			name = Release;
		};
		EB062EE223708BB1004FB386 /* Debug */ = {
			isa = XCBuildConfiguration;
			buildSettings = {
				ASSETCATALOG_COMPILER_APPICON_NAME = AppIcon;
				CODE_SIGN_STYLE = Automatic;
				DEVELOPMENT_TEAM = PA8K389HDA;
				INFOPLIST_FILE = "002Scene-MulitUnwind04/Info.plist";
				LD_RUNPATH_SEARCH_PATHS = (
					"$(inherited)",
					"@executable_path/Frameworks",
				);
				PRODUCT_BUNDLE_IDENTIFIER = "com.hanati.test1.-02Scene-MulitUnwind04";
				PRODUCT_NAME = "$(TARGET_NAME)";
				SWIFT_VERSION = 5.0;
				TARGETED_DEVICE_FAMILY = "1,2";
			};
			name = Debug;
		};
		EB062EE323708BB1004FB386 /* Release */ = {
			isa = XCBuildConfiguration;
			buildSettings = {
				ASSETCATALOG_COMPILER_APPICON_NAME = AppIcon;
				CODE_SIGN_STYLE = Automatic;
				DEVELOPMENT_TEAM = PA8K389HDA;
				INFOPLIST_FILE = "002Scene-MulitUnwind04/Info.plist";
				LD_RUNPATH_SEARCH_PATHS = (
					"$(inherited)",
					"@executable_path/Frameworks",
				);
				PRODUCT_BUNDLE_IDENTIFIER = "com.hanati.test1.-02Scene-MulitUnwind04";
				PRODUCT_NAME = "$(TARGET_NAME)";
				SWIFT_VERSION = 5.0;
				TARGETED_DEVICE_FAMILY = "1,2";
			};
			name = Release;
		};
/* End XCBuildConfiguration section */

/* Begin XCConfigurationList section */
		EB062EC823708BB1004FB386 /* Build configuration list for PBXProject "002Scene-MulitUnwind04" */ = {
			isa = XCConfigurationList;
			buildConfigurations = (
				EB062EDF23708BB1004FB386 /* Debug */,
				EB062EE023708BB1004FB386 /* Release */,
			);
			defaultConfigurationIsVisible = 0;
			defaultConfigurationName = Release;
		};
		EB062EE123708BB1004FB386 /* Build configuration list for PBXNativeTarget "002Scene-MulitUnwind04" */ = {
			isa = XCConfigurationList;
			buildConfigurations = (
				EB062EE223708BB1004FB386 /* Debug */,
				EB062EE323708BB1004FB386 /* Release */,
			);
			defaultConfigurationIsVisible = 0;
			defaultConfigurationName = Release;
		};
/* End XCConfigurationList section */
	};
	rootObject = EB062EC523708BB1004FB386 /* Project object */;
}
